
Microsoft Visual Studio Solution File, Format Version 12.00
# Visual Studio 15
Project("{FAE04EC0-301F-11D3-BF4B-00C04F79EFBC}") = "Toy", "Toy\Toy.csproj", "{5AA1E644-90F7-47D8-AAAD-363E67916623}"
EndProject
Project("{FAE04EC0-301F-11D3-BF4B-00C04F79EFBC}") = "UnitTesting", "UnitTesting\UnitTesting.csproj", "{A150F7FC-29E0-4EF4-820E-1223D72B7FD9}"
EndProject
Global
	GlobalSection(SolutionConfigurationPlatforms) = preSolution
		Debug|Any CPU = Debug|Any CPU
		Release|Any CPU = Release|Any CPU
	EndGlobalSection
	GlobalSection(ProjectConfigurationPlatforms) = postSolution
		{5AA1E644-90F7-47D8-AAAD-363E67916623}.Debug|Any CPU.ActiveCfg = Debug|Any CPU
		{5AA1E644-90F7-47D8-AAAD-363E67916623}.Debug|Any CPU.Build.0 = Debug|Any CPU
		{5AA1E644-90F7-47D8-AAAD-363E67916623}.Release|Any CPU.ActiveCfg = Release|Any CPU
		{5AA1E644-90F7-47D8-AAAD-363E67916623}.Release|Any CPU.Build.0 = Release|Any CPU
		{A150F7FC-29E0-4EF4-820E-1223D72B7FD9}.Debug|Any CPU.ActiveCfg = Debug|Any CPU
		{A150F7FC-29E0-4EF4-820E-1223D72B7FD9}.Debug|Any CPU.Build.0 = Debug|Any CPU
		{A150F7FC-29E0-4EF4-820E-1223D72B7FD9}.Release|Any CPU.ActiveCfg = Release|Any CPU
		{A150F7FC-29E0-4EF4-820E-1223D72B7FD9}.Release|Any CPU.Build.0 = Release|Any CPU
	EndGlobalSection
EndGlobal
